
Microsoft Visual Studio Solution File, Format Version 12.00
# Visual Studio Version 17
VisualStudioVersion = 17.2.32526.322
MinimumVisualStudioVersion = 10.0.40219.1
Project("{FAE04EC0-301F-11D3-BF4B-00C04F79EFBC}") = "EDITOR DE TABLAS", "EDITOR DE TABLAS\EDITOR DE TABLAS.csproj", "{01643E3E-EA14-4A8C-A558-E28A233DFA23}"
EndProject
Global
	GlobalSection(SolutionConfigurationPlatforms) = preSolution
		Debug|Any CPU = Debug|Any CPU
		Release|Any CPU = Release|Any CPU
	EndGlobalSection
	GlobalSection(ProjectConfigurationPlatforms) = postSolution
		{01643E3E-EA14-4A8C-A558-E28A233DFA23}.Debug|Any CPU.ActiveCfg = Debug|Any CPU
		{01643E3E-EA14-4A8C-A558-E28A233DFA23}.Debug|Any CPU.Build.0 = Debug|Any CPU
		{01643E3E-EA14-4A8C-A558-E28A233DFA23}.Release|Any CPU.ActiveCfg = Release|Any CPU
		{01643E3E-EA14-4A8C-A558-E28A233DFA23}.Release|Any CPU.Build.0 = Release|Any CPU
	EndGlobalSection
	GlobalSection(SolutionProperties) = preSolution
		HideSolutionNode = FALSE
	EndGlobalSection
	GlobalSection(ExtensibilityGlobals) = postSolution
		SolutionGuid = {ECA6A165-CAF4-4A31-BCAA-AA6A66674BE9}
	EndGlobalSection
EndGlobal
